// !$*UTF8*$!
{
	archiveVersion = 1;
	classes = {
	};
	objectVersion = 46;
	objects = {

/* Begin PBXBuildFile section */
		8B116575E7173AE1BB395858 /* Pods_Social.framework in Frameworks */ = {isa = PBXBuildFile; fileRef = 6133FCFDB5F851C4A98C6C76 /* Pods_Social.framework */; };
		DCE0A72B1ED47CB300E7F56D /* AppDelegate.swift in Sources */ = {isa = PBXBuildFile; fileRef = DCE0A72A1ED47CB300E7F56D /* AppDelegate.swift */; };
		DCE0A72D1ED47CB300E7F56D /* SignInVC.swift in Sources */ = {isa = PBXBuildFile; fileRef = DCE0A72C1ED47CB300E7F56D /* SignInVC.swift */; };
		DCE0A7301ED47CB300E7F56D /* Main.storyboard in Resources */ = {isa = PBXBuildFile; fileRef = DCE0A72E1ED47CB300E7F56D /* Main.storyboard */; };
		DCE0A7321ED47CB300E7F56D /* Assets.xcassets in Resources */ = {isa = PBXBuildFile; fileRef = DCE0A7311ED47CB300E7F56D /* Assets.xcassets */; };
		DCE0A7351ED47CB300E7F56D /* LaunchScreen.storyboard in Resources */ = {isa = PBXBuildFile; fileRef = DCE0A7331ED47CB300E7F56D /* LaunchScreen.storyboard */; };
		DCE0A73D1ED47DC400E7F56D /* GoogleService-Info.plist in Resources */ = {isa = PBXBuildFile; fileRef = DCE0A73C1ED47DC400E7F56D /* GoogleService-Info.plist */; };
/* End PBXBuildFile section */

/* Begin PBXFileReference section */
		05745BA54952F469B6ACF860 /* Pods-Social.release.xcconfig */ = {isa = PBXFileReference; includeInIndex = 1; lastKnownFileType = text.xcconfig; name = "Pods-Social.release.xcconfig"; path = "Pods/Target Support Files/Pods-Social/Pods-Social.release.xcconfig"; sourceTree = "<group>"; };
		6133FCFDB5F851C4A98C6C76 /* Pods_Social.framework */ = {isa = PBXFileReference; explicitFileType = wrapper.framework; includeInIndex = 0; path = Pods_Social.framework; sourceTree = BUILT_PRODUCTS_DIR; };
		A6125BAC60AC4E7F204CAD17 /* Pods-Social.debug.xcconfig */ = {isa = PBXFileReference; includeInIndex = 1; lastKnownFileType = text.xcconfig; name = "Pods-Social.debug.xcconfig"; path = "Pods/Target Support Files/Pods-Social/Pods-Social.debug.xcconfig"; sourceTree = "<group>"; };
		DCE0A7271ED47CB300E7F56D /* Social.app */ = {isa = PBXFileReference; explicitFileType = wrapper.application; includeInIndex = 0; path = Social.app; sourceTree = BUILT_PRODUCTS_DIR; };
		DCE0A72A1ED47CB300E7F56D /* AppDelegate.swift */ = {isa = PBXFileReference; lastKnownFileType = sourcecode.swift; path = AppDelegate.swift; sourceTree = "<group>"; };
		DCE0A72C1ED47CB300E7F56D /* SignInVC.swift */ = {isa = PBXFileReference; lastKnownFileType = sourcecode.swift; path = SignInVC.swift; sourceTree = "<group>"; };
		DCE0A72F1ED47CB300E7F56D /* Base */ = {isa = PBXFileReference; lastKnownFileType = file.storyboard; name = Base; path = Base.lproj/Main.storyboard; sourceTree = "<group>"; };
		DCE0A7311ED47CB300E7F56D /* Assets.xcassets */ = {isa = PBXFileReference; lastKnownFileType = folder.assetcatalog; path = Assets.xcassets; sourceTree = "<group>"; };
		DCE0A7341ED47CB300E7F56D /* Base */ = {isa = PBXFileReference; lastKnownFileType = file.storyboard; name = Base; path = Base.lproj/LaunchScreen.storyboard; sourceTree = "<group>"; };
		DCE0A7361ED47CB300E7F56D /* Info.plist */ = {isa = PBXFileReference; lastKnownFileType = text.plist.xml; path = Info.plist; sourceTree = "<group>"; };
		DCE0A73C1ED47DC400E7F56D /* GoogleService-Info.plist */ = {isa = PBXFileReference; fileEncoding = 4; lastKnownFileType = text.plist.xml; path = "GoogleService-Info.plist"; sourceTree = "<group>"; };
/* End PBXFileReference section */

/* Begin PBXFrameworksBuildPhase section */
		DCE0A7241ED47CB300E7F56D /* Frameworks */ = {
			isa = PBXFrameworksBuildPhase;
			buildActionMask = 2147483647;
			files = (
				8B116575E7173AE1BB395858 /* Pods_Social.framework in Frameworks */,
			);
			runOnlyForDeploymentPostprocessing = 0;
		};
/* End PBXFrameworksBuildPhase section */

/* Begin PBXGroup section */
		2567A69C817871BA5789E80C /* Pods */ = {
			isa = PBXGroup;
			children = (
				A6125BAC60AC4E7F204CAD17 /* Pods-Social.debug.xcconfig */,
				05745BA54952F469B6ACF860 /* Pods-Social.release.xcconfig */,
			);
			name = Pods;
			sourceTree = "<group>";
		};
		DCE0A71E1ED47CB300E7F56D = {
			isa = PBXGroup;
			children = (
				DCE0A7291ED47CB300E7F56D /* Social */,
				DCE0A7281ED47CB300E7F56D /* Products */,
				2567A69C817871BA5789E80C /* Pods */,
				F94CB2722CBE7C2DEC50B8D9 /* Frameworks */,
			);
			sourceTree = "<group>";
		};
		DCE0A7281ED47CB300E7F56D /* Products */ = {
			isa = PBXGroup;
			children = (
				DCE0A7271ED47CB300E7F56D /* Social.app */,
			);
			name = Products;
			sourceTree = "<group>";
		};
		DCE0A7291ED47CB300E7F56D /* Social */ = {
			isa = PBXGroup;
			children = (
				DCE0A7401ED47FEC00E7F56D /* View */,
				DCE0A73F1ED47FE500E7F56D /* Controller */,
				DCE0A73E1ED47FDC00E7F56D /* Model */,
				DCE0A72A1ED47CB300E7F56D /* AppDelegate.swift */,
				DCE0A72E1ED47CB300E7F56D /* Main.storyboard */,
				DCE0A7311ED47CB300E7F56D /* Assets.xcassets */,
				DCE0A7331ED47CB300E7F56D /* LaunchScreen.storyboard */,
				DCE0A7361ED47CB300E7F56D /* Info.plist */,
				DCE0A73C1ED47DC400E7F56D /* GoogleService-Info.plist */,
			);
			path = Social;
			sourceTree = "<group>";
		};
		DCE0A73E1ED47FDC00E7F56D /* Model */ = {
			isa = PBXGroup;
			children = (
			);
			name = Model;
			sourceTree = "<group>";
		};
		DCE0A73F1ED47FE500E7F56D /* Controller */ = {
			isa = PBXGroup;
			children = (
				DCE0A72C1ED47CB300E7F56D /* SignInVC.swift */,
			);
			name = Controller;
			sourceTree = "<group>";
		};
		DCE0A7401ED47FEC00E7F56D /* View */ = {
			isa = PBXGroup;
			children = (
			);
			name = View;
			sourceTree = "<group>";
		};
		F94CB2722CBE7C2DEC50B8D9 /* Frameworks */ = {
			isa = PBXGroup;
			children = (
				6133FCFDB5F851C4A98C6C76 /* Pods_Social.framework */,
			);
			name = Frameworks;
			sourceTree = "<group>";
		};
/* End PBXGroup section */

/* Begin PBXNativeTarget section */
		DCE0A7261ED47CB300E7F56D /* Social */ = {
			isa = PBXNativeTarget;
			buildConfigurationList = DCE0A7391ED47CB300E7F56D /* Build configuration list for PBXNativeTarget "Social" */;
			buildPhases = (
				4C24FE2A1FA4EBBA08B8A552 /* [CP] Check Pods Manifest.lock */,
				DCE0A7231ED47CB300E7F56D /* Sources */,
				DCE0A7241ED47CB300E7F56D /* Frameworks */,
				DCE0A7251ED47CB300E7F56D /* Resources */,
				E420891BA6D156F28268FBC8 /* [CP] Embed Pods Frameworks */,
				F43DCA7852656307F111E0FC /* [CP] Copy Pods Resources */,
			);
			buildRules = (
			);
			dependencies = (
			);
			name = Social;
			productName = Social;
			productReference = DCE0A7271ED47CB300E7F56D /* Social.app */;
			productType = "com.apple.product-type.application";
		};
/* End PBXNativeTarget section */

/* Begin PBXProject section */
		DCE0A71F1ED47CB300E7F56D /* Project object */ = {
			isa = PBXProject;
			attributes = {
				LastSwiftUpdateCheck = 0830;
				LastUpgradeCheck = 0830;
				ORGANIZATIONNAME = "LiangCai Chen";
				TargetAttributes = {
					DCE0A7261ED47CB300E7F56D = {
						CreatedOnToolsVersion = 8.3.2;
						DevelopmentTeam = RK58MBJKW7;
						ProvisioningStyle = Automatic;
					};
				};
			};
			buildConfigurationList = DCE0A7221ED47CB300E7F56D /* Build configuration list for PBXProject "Social" */;
			compatibilityVersion = "Xcode 3.2";
			developmentRegion = English;
			hasScannedForEncodings = 0;
			knownRegions = (
				en,
				Base,
			);
			mainGroup = DCE0A71E1ED47CB300E7F56D;
			productRefGroup = DCE0A7281ED47CB300E7F56D /* Products */;
			projectDirPath = "";
			projectRoot = "";
			targets = (
				DCE0A7261ED47CB300E7F56D /* Social */,
			);
		};
/* End PBXProject section */

/* Begin PBXResourcesBuildPhase section */
		DCE0A7251ED47CB300E7F56D /* Resources */ = {
			isa = PBXResourcesBuildPhase;
			buildActionMask = 2147483647;
			files = (
				DCE0A7351ED47CB300E7F56D /* LaunchScreen.storyboard in Resources */,
				DCE0A73D1ED47DC400E7F56D /* GoogleService-Info.plist in Resources */,
				DCE0A7321ED47CB300E7F56D /* Assets.xcassets in Resources */,
				DCE0A7301ED47CB300E7F56D /* Main.storyboard in Resources */,
			);
			runOnlyForDeploymentPostprocessing = 0;
		};
/* End PBXResourcesBuildPhase section */

/* Begin PBXShellScriptBuildPhase section */
		4C24FE2A1FA4EBBA08B8A552 /* [CP] Check Pods Manifest.lock */ = {
			isa = PBXShellScriptBuildPhase;
			buildActionMask = 2147483647;
			files = (
			);
			inputPaths = (
			);
			name = "[CP] Check Pods Manifest.lock";
			outputPaths = (
			);
			runOnlyForDeploymentPostprocessing = 0;
			shellPath = /bin/sh;
			shellScript = "diff \"${PODS_PODFILE_DIR_PATH}/Podfile.lock\" \"${PODS_ROOT}/Manifest.lock\" > /dev/null\nif [ $? != 0 ] ; then\n    # print error to STDERR\n    echo \"error: The sandbox is not in sync with the Podfile.lock. Run 'pod install' or update your CocoaPods installation.\" >&2\n    exit 1\nfi\n";
			showEnvVarsInLog = 0;
		};
		E420891BA6D156F28268FBC8 /* [CP] Embed Pods Frameworks */ = {
			isa = PBXShellScriptBuildPhase;
			buildActionMask = 2147483647;
			files = (
			);
			inputPaths = (
			);
			name = "[CP] Embed Pods Frameworks";
			outputPaths = (
			);
			runOnlyForDeploymentPostprocessing = 0;
			shellPath = /bin/sh;
			shellScript = "\"${SRCROOT}/Pods/Target Support Files/Pods-Social/Pods-Social-frameworks.sh\"\n";
			showEnvVarsInLog = 0;
		};
		F43DCA7852656307F111E0FC /* [CP] Copy Pods Resources */ = {
			isa = PBXShellScriptBuildPhase;
			buildActionMask = 2147483647;
			files = (
			);
			inputPaths = (
			);
			name = "[CP] Copy Pods Resources";
			outputPaths = (
			);
			runOnlyForDeploymentPostprocessing = 0;
			shellPath = /bin/sh;
			shellScript = "\"${SRCROOT}/Pods/Target Support Files/Pods-Social/Pods-Social-resources.sh\"\n";
			showEnvVarsInLog = 0;
		};
/* End PBXShellScriptBuildPhase section */

/* Begin PBXSourcesBuildPhase section */
		DCE0A7231ED47CB300E7F56D /* Sources */ = {
			isa = PBXSourcesBuildPhase;
			buildActionMask = 2147483647;
			files = (
				DCE0A72D1ED47CB300E7F56D /* SignInVC.swift in Sources */,
				DCE0A72B1ED47CB300E7F56D /* AppDelegate.swift in Sources */,
			);
			runOnlyForDeploymentPostprocessing = 0;
		};
/* End PBXSourcesBuildPhase section */

/* Begin PBXVariantGroup section */
		DCE0A72E1ED47CB300E7F56D /* Main.storyboard */ = {
			isa = PBXVariantGroup;
			children = (
				DCE0A72F1ED47CB300E7F56D /* Base */,
			);
			name = Main.storyboard;
			sourceTree = "<group>";
		};
		DCE0A7331ED47CB300E7F56D /* LaunchScreen.storyboard */ = {
			isa = PBXVariantGroup;
			children = (
				DCE0A7341ED47CB300E7F56D /* Base */,
			);
			name = LaunchScreen.storyboard;
			sourceTree = "<group>";
		};
/* End PBXVariantGroup section */

/* Begin XCBuildConfiguration section */
		DCE0A7371ED47CB300E7F56D /* Debug */ = {
			isa = XCBuildConfiguration;
			buildSettings = {
				ALWAYS_SEARCH_USER_PATHS = NO;
				CLANG_ANALYZER_NONNULL = YES;
				CLANG_ANALYZER_NUMBER_OBJECT_CONVERSION = YES_AGGRESSIVE;
				CLANG_CXX_LANGUAGE_STANDARD = "gnu++0x";
				CLANG_CXX_LIBRARY = "libc++";
				CLANG_ENABLE_MODULES = YES;
				CLANG_ENABLE_OBJC_ARC = YES;
				CLANG_WARN_BOOL_CONVERSION = YES;
				CLANG_WARN_CONSTANT_CONVERSION = YES;
				CLANG_WARN_DIRECT_OBJC_ISA_USAGE = YES_ERROR;
				CLANG_WARN_DOCUMENTATION_COMMENTS = YES;
				CLANG_WARN_EMPTY_BODY = YES;
				CLANG_WARN_ENUM_CONVERSION = YES;
				CLANG_WARN_INFINITE_RECURSION = YES;
				CLANG_WARN_INT_CONVERSION = YES;
				CLANG_WARN_OBJC_ROOT_CLASS = YES_ERROR;
				CLANG_WARN_SUSPICIOUS_MOVE = YES;
				CLANG_WARN_UNREACHABLE_CODE = YES;
				CLANG_WARN__DUPLICATE_METHOD_MATCH = YES;
				"CODE_SIGN_IDENTITY[sdk=iphoneos*]" = "iPhone Developer";
				COPY_PHASE_STRIP = NO;
				DEBUG_INFORMATION_FORMAT = dwarf;
				ENABLE_STRICT_OBJC_MSGSEND = YES;
				ENABLE_TESTABILITY = YES;
				GCC_C_LANGUAGE_STANDARD = gnu99;
				GCC_DYNAMIC_NO_PIC = NO;
				GCC_NO_COMMON_BLOCKS = YES;
				GCC_OPTIMIZATION_LEVEL = 0;
				GCC_PREPROCESSOR_DEFINITIONS = (
					"DEBUG=1",
					"$(inherited)",
				);
				GCC_WARN_64_TO_32_BIT_CONVERSION = YES;
				GCC_WARN_ABOUT_RETURN_TYPE = YES_ERROR;
				GCC_WARN_UNDECLARED_SELECTOR = YES;
				GCC_WARN_UNINITIALIZED_AUTOS = YES_AGGRESSIVE;
				GCC_WARN_UNUSED_FUNCTION = YES;
				GCC_WARN_UNUSED_VARIABLE = YES;
				IPHONEOS_DEPLOYMENT_TARGET = 10.3;
				MTL_ENABLE_DEBUG_INFO = YES;
				ONLY_ACTIVE_ARCH = YES;
				SDKROOT = iphoneos;
				SWIFT_ACTIVE_COMPILATION_CONDITIONS = DEBUG;
				SWIFT_OPTIMIZATION_LEVEL = "-Onone";
				TARGETED_DEVICE_FAMILY = "1,2";
			};
			name = Debug;
		};
		DCE0A7381ED47CB300E7F56D /* Release */ = {
			isa = XCBuildConfiguration;
			buildSettings = {
				ALWAYS_SEARCH_USER_PATHS = NO;
				CLANG_ANALYZER_NONNULL = YES;
				CLANG_ANALYZER_NUMBER_OBJECT_CONVERSION = YES_AGGRESSIVE;
				CLANG_CXX_LANGUAGE_STANDARD = "gnu++0x";
				CLANG_CXX_LIBRARY = "libc++";
				CLANG_ENABLE_MODULES = YES;
				CLANG_ENABLE_OBJC_ARC = YES;
				CLANG_WARN_BOOL_CONVERSION = YES;
				CLANG_WARN_CONSTANT_CONVERSION = YES;
				CLANG_WARN_DIRECT_OBJC_ISA_USAGE = YES_ERROR;
				CLANG_WARN_DOCUMENTATION_COMMENTS = YES;
				CLANG_WARN_EMPTY_BODY = YES;
				CLANG_WARN_ENUM_CONVERSION = YES;
				CLANG_WARN_INFINITE_RECURSION = YES;
				CLANG_WARN_INT_CONVERSION = YES;
				CLANG_WARN_OBJC_ROOT_CLASS = YES_ERROR;
				CLANG_WARN_SUSPICIOUS_MOVE = YES;
				CLANG_WARN_UNREACHABLE_CODE = YES;
				CLANG_WARN__DUPLICATE_METHOD_MATCH = YES;
				"CODE_SIGN_IDENTITY[sdk=iphoneos*]" = "iPhone Developer";
				COPY_PHASE_STRIP = NO;
				DEBUG_INFORMATION_FORMAT = "dwarf-with-dsym";
				ENABLE_NS_ASSERTIONS = NO;
				ENABLE_STRICT_OBJC_MSGSEND = YES;
				GCC_C_LANGUAGE_STANDARD = gnu99;
				GCC_NO_COMMON_BLOCKS = YES;
				GCC_WARN_64_TO_32_BIT_CONVERSION = YES;
				GCC_WARN_ABOUT_RETURN_TYPE = YES_ERROR;
				GCC_WARN_UNDECLARED_SELECTOR = YES;
				GCC_WARN_UNINITIALIZED_AUTOS = YES_AGGRESSIVE;
				GCC_WARN_UNUSED_FUNCTION = YES;
				GCC_WARN_UNUSED_VARIABLE = YES;
				IPHONEOS_DEPLOYMENT_TARGET = 10.3;
				MTL_ENABLE_DEBUG_INFO = NO;
				SDKROOT = iphoneos;
				SWIFT_OPTIMIZATION_LEVEL = "-Owholemodule";
				TARGETED_DEVICE_FAMILY = "1,2";
				VALIDATE_PRODUCT = YES;
			};
			name = Release;
		};
		DCE0A73A1ED47CB300E7F56D /* Debug */ = {
			isa = XCBuildConfiguration;
			baseConfigurationReference = A6125BAC60AC4E7F204CAD17 /* Pods-Social.debug.xcconfig */;
			buildSettings = {
				ASSETCATALOG_COMPILER_APPICON_NAME = AppIcon;
				DEVELOPMENT_TEAM = RK58MBJKW7;
				INFOPLIST_FILE = Social/Info.plist;
				LD_RUNPATH_SEARCH_PATHS = "$(inherited) @executable_path/Frameworks";
				PRODUCT_BUNDLE_IDENTIFIER = com.lc.Social;
				PRODUCT_NAME = "$(TARGET_NAME)";
				SWIFT_VERSION = 3.0;
			};
			name = Debug;
		};
		DCE0A73B1ED47CB300E7F56D /* Release */ = {
			isa = XCBuildConfiguration;
			baseConfigurationReference = 05745BA54952F469B6ACF860 /* Pods-Social.release.xcconfig */;
			buildSettings = {
				ASSETCATALOG_COMPILER_APPICON_NAME = AppIcon;
				DEVELOPMENT_TEAM = RK58MBJKW7;
				INFOPLIST_FILE = Social/Info.plist;
				LD_RUNPATH_SEARCH_PATHS = "$(inherited) @executable_path/Frameworks";
				PRODUCT_BUNDLE_IDENTIFIER = com.lc.Social;
				PRODUCT_NAME = "$(TARGET_NAME)";
				SWIFT_VERSION = 3.0;
			};
			name = Release;
		};
/* End XCBuildConfiguration section */

/* Begin XCConfigurationList section */
		DCE0A7221ED47CB300E7F56D /* Build configuration list for PBXProject "Social" */ = {
			isa = XCConfigurationList;
			buildConfigurations = (
				DCE0A7371ED47CB300E7F56D /* Debug */,
				DCE0A7381ED47CB300E7F56D /* Release */,
			);
			defaultConfigurationIsVisible = 0;
			defaultConfigurationName = Release;
		};
		DCE0A7391ED47CB300E7F56D /* Build configuration list for PBXNativeTarget "Social" */ = {
			isa = XCConfigurationList;
			buildConfigurations = (
				DCE0A73A1ED47CB300E7F56D /* Debug */,
				DCE0A73B1ED47CB300E7F56D /* Release */,
			);
			defaultConfigurationIsVisible = 0;
			defaultConfigurationName = Release;
		};
/* End XCConfigurationList section */
	};
	rootObject = DCE0A71F1ED47CB300E7F56D /* Project object */;
}
